
Microsoft Visual Studio Solution File, Format Version 12.00
# Visual Studio Version 17
VisualStudioVersion = 17.4.33213.308
MinimumVisualStudioVersion = 10.0.40219.1
Project("{FAE04EC0-301F-11D3-BF4B-00C04F79EFBC}") = "Crawler", "Crawler\Crawler.csproj", "{6958C6BA-3BE0-4E37-ABF0-040B122C1DBA}"
EndProject
Global
	GlobalSection(SolutionConfigurationPlatforms) = preSolution
		Debug|Any CPU = Debug|Any CPU
		Release|Any CPU = Release|Any CPU
	EndGlobalSection
	GlobalSection(ProjectConfigurationPlatforms) = postSolution
		{6958C6BA-3BE0-4E37-ABF0-040B122C1DBA}.Debug|Any CPU.ActiveCfg = Debug|Any CPU
		{6958C6BA-3BE0-4E37-ABF0-040B122C1DBA}.Debug|Any CPU.Build.0 = Debug|Any CPU
		{6958C6BA-3BE0-4E37-ABF0-040B122C1DBA}.Release|Any CPU.ActiveCfg = Release|Any CPU
		{6958C6BA-3BE0-4E37-ABF0-040B122C1DBA}.Release|Any CPU.Build.0 = Release|Any CPU
	EndGlobalSection
	GlobalSection(SolutionProperties) = preSolution
		HideSolutionNode = FALSE
	EndGlobalSection
	GlobalSection(ExtensibilityGlobals) = postSolution
		SolutionGuid = {EB868C0A-018B-4578-B297-915FBB7719BC}
	EndGlobalSection
EndGlobal
